# This file is autogenerated, do not edit; changes may be undone by the next 'dep ensure'.


[[projects]]
  branch = "master"
  name = "github.com/ovh/go-ovh"
  packages = ["ovh"]
  revision = "34b9ffdf98692f9e9b57724d180549f88725b605"

[[projects]]
  name = "gopkg.in/ini.v1"
  packages = ["."]
  revision = "ace140f73450505f33e8b8418216792275ae82a7"
  version = "v1.35.0"

[solve-meta]
  analyzer-name = "dep"
  analyzer-version = 1
  inputs-digest = "bc830984913e0dafa84e4b1aaa3a1e738fb97a4ec6704e807da6d7f166a2f19c"
  solver-name = "gps-cdcl"
  solver-version = 1
